{
  "version": 4,
  "terraform_version": "1.3.3",
  "serial": 501,
  "lineage": "6e054d4d-f907-bae4-28cc-c8502501f508",
  "outputs": {
    "app_server_ip-asia": {
      "value": "54.255.228.145",
      "type": "string"
    },
    "app_server_ip-emea": {
      "value": "54.171.77.244",
      "type": "string"
    },
    "web_server_ip-asia": {
      "value": "54.169.136.221",
      "type": "string"
    },
    "web_server_ip-emea": {
      "value": "54.229.39.158",
      "type": "string"
    }
  },
  "resources": [
    {
      "mode": "data",
      "type": "aws_regions",
      "name": "current",
      "provider": "provider[\"registry.terraform.io/hashicorp/aws\"]",
      "instances": [
        {
          "schema_version": 0,
          "attributes": {
            "all_regions": null,
            "filter": [],
            "id": "aws",
            "names": [
              "ap-northeast-1",
              "ap-northeast-2",
              "ap-northeast-3",
              "ap-south-1",
              "ap-southeast-1",
              "ap-southeast-2",
              "ca-central-1",
              "eu-central-1",
              "eu-north-1",
              "eu-west-1",
              "eu-west-2",
              "eu-west-3",
              "sa-east-1",
              "us-east-1",
              "us-east-2",
              "us-west-1",
              "us-west-2"
            ]
          },
          "sensitive_attributes": []
        }
      ]
    },
    {
      "mode": "data",
      "type": "terraform_remote_state",
      "name": "network",
      "provider": "provider[\"terraform.io/builtin/terraform\"]",
      "instances": [
        {
          "schema_version": 0,
          "attributes": {
            "backend": "local",
            "config": {
              "value": {
                "path": "../network/terraform.tfstate.d/dev/terraform.tfstate"
              },
              "type": [
                "object",
                {
                  "path": "string"
                }
              ]
            },
            "defaults": null,
            "outputs": {
              "value": {
                "app_server_eip_id-asia": "eipalloc-01261ee0fd4ee80f7",
                "app_server_eip_id-emea": "eipalloc-0583113d430587f6f",
                "debug_printIps": {
                  "app-sever-asia": "3.1.116.161",
                  "app-sever-emea": "108.128.165.233",
                  "web-sever-asia": "3.1.234.206",
                  "web-sever-emea": "54.195.22.244"
                },
                "web_server_eip_id-asia": "eipalloc-0055b4aabe08c9433",
                "web_server_eip_id-emea": "eipalloc-07874b1312b1dd6a1"
              },
              "type": [
                "object",
                {
                  "app_server_eip_id-asia": "string",
                  "app_server_eip_id-emea": "string",
                  "debug_printIps": [
                    "object",
                    {
                      "app-sever-asia": "string",
                      "app-sever-emea": "string",
                      "web-sever-asia": "string",
                      "web-sever-emea": "string"
                    }
                  ],
                  "web_server_eip_id-asia": "string",
                  "web_server_eip_id-emea": "string"
                }
              ]
            },
            "workspace": null
          },
          "sensitive_attributes": []
        }
      ]
    },
    {
      "mode": "data",
      "type": "terraform_remote_state",
      "name": "security",
      "provider": "provider[\"terraform.io/builtin/terraform\"]",
      "instances": [
        {
          "schema_version": 0,
          "attributes": {
            "backend": "local",
            "config": {
              "value": {
                "path": "../security/terraform.tfstate.d/dev/terraform.tfstate"
              },
              "type": [
                "object",
                {
                  "path": "string"
                }
              ]
            },
            "defaults": null,
            "outputs": {
              "value": {
                "allow_allegress_sg_id-asia": "sg-01dea7a668233abc2",
                "allow_allegress_sg_id-emea": "sg-022edfdeb88b016e6",
                "allow_icmp_sg_id-asia": "sg-0f337ef5b16341afa",
                "allow_icmp_sg_id-emea": "sg-02eb8d9bdbb69b30e",
                "allow_ssh_sg_id-asia": "sg-04453d4a2b45bc725",
                "allow_ssh_sg_id-emea": "sg-0083274c478d9d600",
                "with_for_loop": [
                  "sanduni",
                  "dimuthu"
                ],
                "with_splat_expression": [
                  "sanduni",
                  "dimuthu"
                ]
              },
              "type": [
                "object",
                {
                  "allow_allegress_sg_id-asia": "string",
                  "allow_allegress_sg_id-emea": "string",
                  "allow_icmp_sg_id-asia": "string",
                  "allow_icmp_sg_id-emea": "string",
                  "allow_ssh_sg_id-asia": "string",
                  "allow_ssh_sg_id-emea": "string",
                  "with_for_loop": [
                    "tuple",
                    [
                      "string",
                      "string"
                    ]
                  ],
                  "with_splat_expression": [
                    "list",
                    "string"
                  ]
                }
              ]
            },
            "workspace": null
          },
          "sensitive_attributes": []
        }
      ]
    },
    {
      "mode": "managed",
      "type": "aws_eip_association",
      "name": "app-server-eip-association-asia",
      "provider": "provider[\"registry.terraform.io/hashicorp/aws\"].asia",
      "instances": [
        {
          "schema_version": 0,
          "attributes": {
            "allocation_id": "eipalloc-01261ee0fd4ee80f7",
            "allow_reassociation": null,
            "id": "eipassoc-0facb0c0280e94d59",
            "instance_id": "i-0fcf64a65d26da877",
            "network_interface_id": "eni-0c0c39a2ea8c19558",
            "private_ip_address": "172.31.41.187",
            "public_ip": "3.1.116.161"
          },
          "sensitive_attributes": [],
          "private": "bnVsbA==",
          "dependencies": [
            "aws_instance.app_server-asia",
            "data.terraform_remote_state.network",
            "data.terraform_remote_state.security"
          ]
        }
      ]
    },
    {
      "mode": "managed",
      "type": "aws_eip_association",
      "name": "app-server-eip-association-emea",
      "provider": "provider[\"registry.terraform.io/hashicorp/aws\"].emea",
      "instances": [
        {
          "schema_version": 0,
          "attributes": {
            "allocation_id": "eipalloc-0583113d430587f6f",
            "allow_reassociation": null,
            "id": "eipassoc-02821722f3426df7e",
            "instance_id": "i-01c00a7e8e6183236",
            "network_interface_id": "eni-0d67a4f5e64c777f1",
            "private_ip_address": "172.31.46.41",
            "public_ip": "108.128.165.233"
          },
          "sensitive_attributes": [],
          "private": "bnVsbA==",
          "dependencies": [
            "aws_instance.app_server-emea",
            "data.terraform_remote_state.network",
            "data.terraform_remote_state.security"
          ]
        }
      ]
    },
    {
      "mode": "managed",
      "type": "aws_eip_association",
      "name": "web-server-eip-association-asia",
      "provider": "provider[\"registry.terraform.io/hashicorp/aws\"].asia",
      "instances": [
        {
          "schema_version": 0,
          "attributes": {
            "allocation_id": "eipalloc-0055b4aabe08c9433",
            "allow_reassociation": null,
            "id": "eipassoc-0c86eafd7afdc8d81",
            "instance_id": "i-011259fb65cb22788",
            "network_interface_id": "eni-023cecf98cabbf718",
            "private_ip_address": "172.31.45.188",
            "public_ip": "3.1.234.206"
          },
          "sensitive_attributes": [],
          "private": "bnVsbA==",
          "dependencies": [
            "aws_instance.web_server-asia",
            "data.terraform_remote_state.network",
            "data.terraform_remote_state.security"
          ]
        }
      ]
    },
    {
      "mode": "managed",
      "type": "aws_eip_association",
      "name": "web-server-eip-association-emea",
      "provider": "provider[\"registry.terraform.io/hashicorp/aws\"].emea",
      "instances": [
        {
          "schema_version": 0,
          "attributes": {
            "allocation_id": "eipalloc-07874b1312b1dd6a1",
            "allow_reassociation": null,
            "id": "eipassoc-032bf4323b59197db",
            "instance_id": "i-08f7f2de385d8051b",
            "network_interface_id": "eni-09bb38a4ef3d068cd",
            "private_ip_address": "172.31.37.71",
            "public_ip": "54.195.22.244"
          },
          "sensitive_attributes": [],
          "private": "bnVsbA==",
          "dependencies": [
            "aws_instance.web_server-emea",
            "data.terraform_remote_state.network",
            "data.terraform_remote_state.security"
          ]
        }
      ]
    },
    {
      "mode": "managed",
      "type": "aws_instance",
      "name": "app_server-asia",
      "provider": "provider[\"registry.terraform.io/hashicorp/aws\"].asia",
      "instances": [
        {
          "schema_version": 1,
          "attributes": {
            "ami": "ami-025468ad3c42e0236",
            "arn": "arn:aws:ec2:ap-southeast-1:460756703371:instance/i-0fcf64a65d26da877",
            "associate_public_ip_address": true,
            "availability_zone": "ap-southeast-1b",
            "capacity_reservation_specification": [
              {
                "capacity_reservation_preference": "open",
                "capacity_reservation_target": []
              }
            ],
            "cpu_core_count": 1,
            "cpu_threads_per_core": 1,
            "credit_specification": [],
            "disable_api_stop": false,
            "disable_api_termination": false,
            "ebs_block_device": [],
            "ebs_optimized": false,
            "enclave_options": [
              {
                "enabled": false
              }
            ],
            "ephemeral_block_device": [],
            "get_password_data": false,
            "hibernation": false,
            "host_id": "",
            "host_resource_group_arn": null,
            "iam_instance_profile": "",
            "id": "i-0fcf64a65d26da877",
            "instance_initiated_shutdown_behavior": "stop",
            "instance_state": "running",
            "instance_type": "t1.micro",
            "ipv6_address_count": 0,
            "ipv6_addresses": [],
            "key_name": "dimu-imac",
            "launch_template": [],
            "maintenance_options": [
              {
                "auto_recovery": "default"
              }
            ],
            "metadata_options": [
              {
                "http_endpoint": "enabled",
                "http_put_response_hop_limit": 1,
                "http_tokens": "optional",
                "instance_metadata_tags": "disabled"
              }
            ],
            "monitoring": false,
            "network_interface": [],
            "outpost_arn": "",
            "password_data": "",
            "placement_group": "",
            "placement_partition_number": 0,
            "primary_network_interface_id": "eni-0c0c39a2ea8c19558",
            "private_dns": "ip-172-31-41-187.ap-southeast-1.compute.internal",
            "private_dns_name_options": [
              {
                "enable_resource_name_dns_a_record": false,
                "enable_resource_name_dns_aaaa_record": false,
                "hostname_type": "ip-name"
              }
            ],
            "private_ip": "172.31.41.187",
            "public_dns": "ec2-54-255-228-145.ap-southeast-1.compute.amazonaws.com",
            "public_ip": "54.255.228.145",
            "root_block_device": [
              {
                "delete_on_termination": true,
                "device_name": "/dev/xvda",
                "encrypted": false,
                "iops": 100,
                "kms_key_id": "",
                "tags": {},
                "throughput": 0,
                "volume_id": "vol-0bfbb700aeab6f1f2",
                "volume_size": 8,
                "volume_type": "gp2"
              }
            ],
            "secondary_private_ips": [],
            "security_groups": [
              "terraform-20230124060402113500000001",
              "terraform-20230124060402113500000002",
              "terraform-20230124060402113700000003"
            ],
            "source_dest_check": true,
            "subnet_id": "subnet-065e151961a7b9b19",
            "tags": {
              "Name": "app_server-dev"
            },
            "tags_all": {
              "Name": "app_server-dev"
            },
            "tenancy": "default",
            "timeouts": null,
            "user_data": null,
            "user_data_base64": null,
            "user_data_replace_on_change": false,
            "volume_tags": null,
            "vpc_security_group_ids": [
              "sg-01dea7a668233abc2",
              "sg-04453d4a2b45bc725",
              "sg-0f337ef5b16341afa"
            ]
          },
          "sensitive_attributes": [],
          "private": "eyJlMmJmYjczMC1lY2FhLTExZTYtOGY4OC0zNDM2M2JjN2M0YzAiOnsiY3JlYXRlIjo2MDAwMDAwMDAwMDAsImRlbGV0ZSI6MTIwMDAwMDAwMDAwMCwidXBkYXRlIjo2MDAwMDAwMDAwMDB9LCJzY2hlbWFfdmVyc2lvbiI6IjEifQ==",
          "dependencies": [
            "data.terraform_remote_state.security"
          ]
        }
      ]
    },
    {
      "mode": "managed",
      "type": "aws_instance",
      "name": "app_server-emea",
      "provider": "provider[\"registry.terraform.io/hashicorp/aws\"].emea",
      "instances": [
        {
          "schema_version": 1,
          "attributes": {
            "ami": "ami-0f4cbe219b113d960",
            "arn": "arn:aws:ec2:eu-west-1:460756703371:instance/i-01c00a7e8e6183236",
            "associate_public_ip_address": true,
            "availability_zone": "eu-west-1a",
            "capacity_reservation_specification": [
              {
                "capacity_reservation_preference": "open",
                "capacity_reservation_target": []
              }
            ],
            "cpu_core_count": 1,
            "cpu_threads_per_core": 1,
            "credit_specification": [],
            "disable_api_stop": false,
            "disable_api_termination": false,
            "ebs_block_device": [],
            "ebs_optimized": false,
            "enclave_options": [
              {
                "enabled": false
              }
            ],
            "ephemeral_block_device": [],
            "get_password_data": false,
            "hibernation": false,
            "host_id": "",
            "host_resource_group_arn": null,
            "iam_instance_profile": "",
            "id": "i-01c00a7e8e6183236",
            "instance_initiated_shutdown_behavior": "stop",
            "instance_state": "running",
            "instance_type": "t1.micro",
            "ipv6_address_count": 0,
            "ipv6_addresses": [],
            "key_name": "dimu-imac",
            "launch_template": [],
            "maintenance_options": [
              {
                "auto_recovery": "default"
              }
            ],
            "metadata_options": [
              {
                "http_endpoint": "enabled",
                "http_put_response_hop_limit": 1,
                "http_tokens": "optional",
                "instance_metadata_tags": "disabled"
              }
            ],
            "monitoring": false,
            "network_interface": [],
            "outpost_arn": "",
            "password_data": "",
            "placement_group": "",
            "placement_partition_number": 0,
            "primary_network_interface_id": "eni-0d67a4f5e64c777f1",
            "private_dns": "ip-172-31-46-41.eu-west-1.compute.internal",
            "private_dns_name_options": [
              {
                "enable_resource_name_dns_a_record": false,
                "enable_resource_name_dns_aaaa_record": false,
                "hostname_type": "ip-name"
              }
            ],
            "private_ip": "172.31.46.41",
            "public_dns": "ec2-54-171-77-244.eu-west-1.compute.amazonaws.com",
            "public_ip": "54.171.77.244",
            "root_block_device": [
              {
                "delete_on_termination": true,
                "device_name": "/dev/xvda",
                "encrypted": false,
                "iops": 100,
                "kms_key_id": "",
                "tags": {},
                "throughput": 0,
                "volume_id": "vol-04c5bf8390f1f2e89",
                "volume_size": 8,
                "volume_type": "gp2"
              }
            ],
            "secondary_private_ips": [],
            "security_groups": [
              "terraform-20230124060403487900000001",
              "terraform-20230124060403488000000002",
              "terraform-20230124060403489500000003"
            ],
            "source_dest_check": true,
            "subnet_id": "subnet-0e60ee6067b12753f",
            "tags": {
              "Name": "app_server-dev"
            },
            "tags_all": {
              "Name": "app_server-dev"
            },
            "tenancy": "default",
            "timeouts": null,
            "user_data": null,
            "user_data_base64": null,
            "user_data_replace_on_change": false,
            "volume_tags": null,
            "vpc_security_group_ids": [
              "sg-0083274c478d9d600",
              "sg-022edfdeb88b016e6",
              "sg-02eb8d9bdbb69b30e"
            ]
          },
          "sensitive_attributes": [],
          "private": "eyJlMmJmYjczMC1lY2FhLTExZTYtOGY4OC0zNDM2M2JjN2M0YzAiOnsiY3JlYXRlIjo2MDAwMDAwMDAwMDAsImRlbGV0ZSI6MTIwMDAwMDAwMDAwMCwidXBkYXRlIjo2MDAwMDAwMDAwMDB9LCJzY2hlbWFfdmVyc2lvbiI6IjEifQ==",
          "dependencies": [
            "data.terraform_remote_state.security"
          ]
        }
      ]
    },
    {
      "mode": "managed",
      "type": "aws_instance",
      "name": "myTestEc2",
      "provider": "provider[\"registry.terraform.io/hashicorp/aws\"].asia",
      "instances": [
        {
          "index_key": "serverOne",
          "schema_version": 1,
          "attributes": {
            "ami": "ami-025468ad3c42e0236",
            "arn": "arn:aws:ec2:ap-southeast-1:460756703371:instance/i-0a0bcf184ca2279ec",
            "associate_public_ip_address": true,
            "availability_zone": "ap-southeast-1b",
            "capacity_reservation_specification": [
              {
                "capacity_reservation_preference": "open",
                "capacity_reservation_target": []
              }
            ],
            "cpu_core_count": 1,
            "cpu_threads_per_core": 1,
            "credit_specification": [],
            "disable_api_stop": false,
            "disable_api_termination": false,
            "ebs_block_device": [],
            "ebs_optimized": false,
            "enclave_options": [
              {
                "enabled": false
              }
            ],
            "ephemeral_block_device": [],
            "get_password_data": false,
            "hibernation": false,
            "host_id": "",
            "host_resource_group_arn": null,
            "iam_instance_profile": "",
            "id": "i-0a0bcf184ca2279ec",
            "instance_initiated_shutdown_behavior": "stop",
            "instance_state": "running",
            "instance_type": "t1.micro",
            "ipv6_address_count": 0,
            "ipv6_addresses": [],
            "key_name": "",
            "launch_template": [],
            "maintenance_options": [
              {
                "auto_recovery": "default"
              }
            ],
            "metadata_options": [
              {
                "http_endpoint": "enabled",
                "http_put_response_hop_limit": 1,
                "http_tokens": "optional",
                "instance_metadata_tags": "disabled"
              }
            ],
            "monitoring": false,
            "network_interface": [],
            "outpost_arn": "",
            "password_data": "",
            "placement_group": "",
            "placement_partition_number": 0,
            "primary_network_interface_id": "eni-034665b3e726abe52",
            "private_dns": "ip-172-31-41-113.ap-southeast-1.compute.internal",
            "private_dns_name_options": [
              {
                "enable_resource_name_dns_a_record": false,
                "enable_resource_name_dns_aaaa_record": false,
                "hostname_type": "ip-name"
              }
            ],
            "private_ip": "172.31.41.113",
            "public_dns": "ec2-18-143-102-216.ap-southeast-1.compute.amazonaws.com",
            "public_ip": "18.143.102.216",
            "root_block_device": [
              {
                "delete_on_termination": true,
                "device_name": "/dev/xvda",
                "encrypted": false,
                "iops": 100,
                "kms_key_id": "",
                "tags": {},
                "throughput": 0,
                "volume_id": "vol-06dc72d41ea2bd45b",
                "volume_size": 8,
                "volume_type": "gp2"
              }
            ],
            "secondary_private_ips": [],
            "security_groups": [
              "default"
            ],
            "source_dest_check": true,
            "subnet_id": "subnet-065e151961a7b9b19",
            "tags": {
              "Name": "serverOne"
            },
            "tags_all": {
              "Name": "serverOne"
            },
            "tenancy": "default",
            "timeouts": null,
            "user_data": null,
            "user_data_base64": null,
            "user_data_replace_on_change": false,
            "volume_tags": null,
            "vpc_security_group_ids": [
              "sg-04aeaec5f53b72de8"
            ]
          },
          "sensitive_attributes": [],
          "private": "eyJlMmJmYjczMC1lY2FhLTExZTYtOGY4OC0zNDM2M2JjN2M0YzAiOnsiY3JlYXRlIjo2MDAwMDAwMDAwMDAsImRlbGV0ZSI6MTIwMDAwMDAwMDAwMCwidXBkYXRlIjo2MDAwMDAwMDAwMDB9LCJzY2hlbWFfdmVyc2lvbiI6IjEifQ=="
        },
        {
          "index_key": "serverThree",
          "schema_version": 1,
          "attributes": {
            "ami": "ami-025468ad3c42e0236",
            "arn": "arn:aws:ec2:ap-southeast-1:460756703371:instance/i-07c63fb015891d34b",
            "associate_public_ip_address": true,
            "availability_zone": "ap-southeast-1b",
            "capacity_reservation_specification": [
              {
                "capacity_reservation_preference": "open",
                "capacity_reservation_target": []
              }
            ],
            "cpu_core_count": 1,
            "cpu_threads_per_core": 1,
            "credit_specification": [],
            "disable_api_stop": false,
            "disable_api_termination": false,
            "ebs_block_device": [],
            "ebs_optimized": false,
            "enclave_options": [
              {
                "enabled": false
              }
            ],
            "ephemeral_block_device": [],
            "get_password_data": false,
            "hibernation": false,
            "host_id": "",
            "host_resource_group_arn": null,
            "iam_instance_profile": "",
            "id": "i-07c63fb015891d34b",
            "instance_initiated_shutdown_behavior": "stop",
            "instance_state": "running",
            "instance_type": "t1.micro",
            "ipv6_address_count": 0,
            "ipv6_addresses": [],
            "key_name": "",
            "launch_template": [],
            "maintenance_options": [
              {
                "auto_recovery": "default"
              }
            ],
            "metadata_options": [
              {
                "http_endpoint": "enabled",
                "http_put_response_hop_limit": 1,
                "http_tokens": "optional",
                "instance_metadata_tags": "disabled"
              }
            ],
            "monitoring": false,
            "network_interface": [],
            "outpost_arn": "",
            "password_data": "",
            "placement_group": "",
            "placement_partition_number": 0,
            "primary_network_interface_id": "eni-0cba23587bf5c352a",
            "private_dns": "ip-172-31-38-205.ap-southeast-1.compute.internal",
            "private_dns_name_options": [
              {
                "enable_resource_name_dns_a_record": false,
                "enable_resource_name_dns_aaaa_record": false,
                "hostname_type": "ip-name"
              }
            ],
            "private_ip": "172.31.38.205",
            "public_dns": "ec2-13-212-81-235.ap-southeast-1.compute.amazonaws.com",
            "public_ip": "13.212.81.235",
            "root_block_device": [
              {
                "delete_on_termination": true,
                "device_name": "/dev/xvda",
                "encrypted": false,
                "iops": 100,
                "kms_key_id": "",
                "tags": {},
                "throughput": 0,
                "volume_id": "vol-00efa6b516a944b29",
                "volume_size": 8,
                "volume_type": "gp2"
              }
            ],
            "secondary_private_ips": [],
            "security_groups": [
              "default"
            ],
            "source_dest_check": true,
            "subnet_id": "subnet-065e151961a7b9b19",
            "tags": {
              "Name": "serverThree"
            },
            "tags_all": {
              "Name": "serverThree"
            },
            "tenancy": "default",
            "timeouts": null,
            "user_data": null,
            "user_data_base64": null,
            "user_data_replace_on_change": false,
            "volume_tags": null,
            "vpc_security_group_ids": [
              "sg-04aeaec5f53b72de8"
            ]
          },
          "sensitive_attributes": [],
          "private": "eyJlMmJmYjczMC1lY2FhLTExZTYtOGY4OC0zNDM2M2JjN2M0YzAiOnsiY3JlYXRlIjo2MDAwMDAwMDAwMDAsImRlbGV0ZSI6MTIwMDAwMDAwMDAwMCwidXBkYXRlIjo2MDAwMDAwMDAwMDB9LCJzY2hlbWFfdmVyc2lvbiI6IjEifQ=="
        },
        {
          "index_key": "serverTwo",
          "schema_version": 1,
          "attributes": {
            "ami": "ami-025468ad3c42e0236",
            "arn": "arn:aws:ec2:ap-southeast-1:460756703371:instance/i-0596636a53767d282",
            "associate_public_ip_address": true,
            "availability_zone": "ap-southeast-1b",
            "capacity_reservation_specification": [
              {
                "capacity_reservation_preference": "open",
                "capacity_reservation_target": []
              }
            ],
            "cpu_core_count": 1,
            "cpu_threads_per_core": 1,
            "credit_specification": [],
            "disable_api_stop": false,
            "disable_api_termination": false,
            "ebs_block_device": [],
            "ebs_optimized": false,
            "enclave_options": [
              {
                "enabled": false
              }
            ],
            "ephemeral_block_device": [],
            "get_password_data": false,
            "hibernation": false,
            "host_id": "",
            "host_resource_group_arn": null,
            "iam_instance_profile": "",
            "id": "i-0596636a53767d282",
            "instance_initiated_shutdown_behavior": "stop",
            "instance_state": "running",
            "instance_type": "t1.micro",
            "ipv6_address_count": 0,
            "ipv6_addresses": [],
            "key_name": "",
            "launch_template": [],
            "maintenance_options": [
              {
                "auto_recovery": "default"
              }
            ],
            "metadata_options": [
              {
                "http_endpoint": "enabled",
                "http_put_response_hop_limit": 1,
                "http_tokens": "optional",
                "instance_metadata_tags": "disabled"
              }
            ],
            "monitoring": false,
            "network_interface": [],
            "outpost_arn": "",
            "password_data": "",
            "placement_group": "",
            "placement_partition_number": 0,
            "primary_network_interface_id": "eni-011e2493609fa6a75",
            "private_dns": "ip-172-31-39-240.ap-southeast-1.compute.internal",
            "private_dns_name_options": [
              {
                "enable_resource_name_dns_a_record": false,
                "enable_resource_name_dns_aaaa_record": false,
                "hostname_type": "ip-name"
              }
            ],
            "private_ip": "172.31.39.240",
            "public_dns": "ec2-13-212-48-205.ap-southeast-1.compute.amazonaws.com",
            "public_ip": "13.212.48.205",
            "root_block_device": [
              {
                "delete_on_termination": true,
                "device_name": "/dev/xvda",
                "encrypted": false,
                "iops": 100,
                "kms_key_id": "",
                "tags": {},
                "throughput": 0,
                "volume_id": "vol-00aaa2ddaa5c826a2",
                "volume_size": 8,
                "volume_type": "gp2"
              }
            ],
            "secondary_private_ips": [],
            "security_groups": [
              "default"
            ],
            "source_dest_check": true,
            "subnet_id": "subnet-065e151961a7b9b19",
            "tags": {
              "Name": "serverTwo"
            },
            "tags_all": {
              "Name": "serverTwo"
            },
            "tenancy": "default",
            "timeouts": null,
            "user_data": null,
            "user_data_base64": null,
            "user_data_replace_on_change": false,
            "volume_tags": null,
            "vpc_security_group_ids": [
              "sg-04aeaec5f53b72de8"
            ]
          },
          "sensitive_attributes": [],
          "private": "eyJlMmJmYjczMC1lY2FhLTExZTYtOGY4OC0zNDM2M2JjN2M0YzAiOnsiY3JlYXRlIjo2MDAwMDAwMDAwMDAsImRlbGV0ZSI6MTIwMDAwMDAwMDAwMCwidXBkYXRlIjo2MDAwMDAwMDAwMDB9LCJzY2hlbWFfdmVyc2lvbiI6IjEifQ=="
        }
      ]
    },
    {
      "mode": "managed",
      "type": "aws_instance",
      "name": "web_server-asia",
      "provider": "provider[\"registry.terraform.io/hashicorp/aws\"].asia",
      "instances": [
        {
          "schema_version": 1,
          "attributes": {
            "ami": "ami-025468ad3c42e0236",
            "arn": "arn:aws:ec2:ap-southeast-1:460756703371:instance/i-011259fb65cb22788",
            "associate_public_ip_address": true,
            "availability_zone": "ap-southeast-1b",
            "capacity_reservation_specification": [
              {
                "capacity_reservation_preference": "open",
                "capacity_reservation_target": []
              }
            ],
            "cpu_core_count": 1,
            "cpu_threads_per_core": 1,
            "credit_specification": [],
            "disable_api_stop": false,
            "disable_api_termination": false,
            "ebs_block_device": [],
            "ebs_optimized": false,
            "enclave_options": [
              {
                "enabled": false
              }
            ],
            "ephemeral_block_device": [],
            "get_password_data": false,
            "hibernation": false,
            "host_id": "",
            "host_resource_group_arn": null,
            "iam_instance_profile": "",
            "id": "i-011259fb65cb22788",
            "instance_initiated_shutdown_behavior": "stop",
            "instance_state": "running",
            "instance_type": "t1.micro",
            "ipv6_address_count": 0,
            "ipv6_addresses": [],
            "key_name": "dimu-imac",
            "launch_template": [],
            "maintenance_options": [
              {
                "auto_recovery": "default"
              }
            ],
            "metadata_options": [
              {
                "http_endpoint": "enabled",
                "http_put_response_hop_limit": 1,
                "http_tokens": "optional",
                "instance_metadata_tags": "disabled"
              }
            ],
            "monitoring": false,
            "network_interface": [],
            "outpost_arn": "",
            "password_data": "",
            "placement_group": "",
            "placement_partition_number": 0,
            "primary_network_interface_id": "eni-023cecf98cabbf718",
            "private_dns": "ip-172-31-45-188.ap-southeast-1.compute.internal",
            "private_dns_name_options": [
              {
                "enable_resource_name_dns_a_record": false,
                "enable_resource_name_dns_aaaa_record": false,
                "hostname_type": "ip-name"
              }
            ],
            "private_ip": "172.31.45.188",
            "public_dns": "ec2-54-169-136-221.ap-southeast-1.compute.amazonaws.com",
            "public_ip": "54.169.136.221",
            "root_block_device": [
              {
                "delete_on_termination": true,
                "device_name": "/dev/xvda",
                "encrypted": false,
                "iops": 100,
                "kms_key_id": "",
                "tags": {},
                "throughput": 0,
                "volume_id": "vol-0eac481560aed14ce",
                "volume_size": 8,
                "volume_type": "gp2"
              }
            ],
            "secondary_private_ips": [],
            "security_groups": [
              "terraform-20230124060402113500000001",
              "terraform-20230124060402113500000002",
              "terraform-20230124060402113700000003"
            ],
            "source_dest_check": true,
            "subnet_id": "subnet-065e151961a7b9b19",
            "tags": {
              "Name": "web_server-dev"
            },
            "tags_all": {
              "Name": "web_server-dev"
            },
            "tenancy": "default",
            "timeouts": null,
            "user_data": null,
            "user_data_base64": null,
            "user_data_replace_on_change": false,
            "volume_tags": null,
            "vpc_security_group_ids": [
              "sg-01dea7a668233abc2",
              "sg-04453d4a2b45bc725",
              "sg-0f337ef5b16341afa"
            ]
          },
          "sensitive_attributes": [],
          "private": "eyJlMmJmYjczMC1lY2FhLTExZTYtOGY4OC0zNDM2M2JjN2M0YzAiOnsiY3JlYXRlIjo2MDAwMDAwMDAwMDAsImRlbGV0ZSI6MTIwMDAwMDAwMDAwMCwidXBkYXRlIjo2MDAwMDAwMDAwMDB9LCJzY2hlbWFfdmVyc2lvbiI6IjEifQ==",
          "dependencies": [
            "data.terraform_remote_state.security"
          ]
        }
      ]
    },
    {
      "mode": "managed",
      "type": "aws_instance",
      "name": "web_server-emea",
      "provider": "provider[\"registry.terraform.io/hashicorp/aws\"].emea",
      "instances": [
        {
          "schema_version": 1,
          "attributes": {
            "ami": "ami-0f4cbe219b113d960",
            "arn": "arn:aws:ec2:eu-west-1:460756703371:instance/i-08f7f2de385d8051b",
            "associate_public_ip_address": true,
            "availability_zone": "eu-west-1a",
            "capacity_reservation_specification": [
              {
                "capacity_reservation_preference": "open",
                "capacity_reservation_target": []
              }
            ],
            "cpu_core_count": 1,
            "cpu_threads_per_core": 1,
            "credit_specification": [],
            "disable_api_stop": false,
            "disable_api_termination": false,
            "ebs_block_device": [],
            "ebs_optimized": false,
            "enclave_options": [
              {
                "enabled": false
              }
            ],
            "ephemeral_block_device": [],
            "get_password_data": false,
            "hibernation": false,
            "host_id": "",
            "host_resource_group_arn": null,
            "iam_instance_profile": "",
            "id": "i-08f7f2de385d8051b",
            "instance_initiated_shutdown_behavior": "stop",
            "instance_state": "running",
            "instance_type": "t1.micro",
            "ipv6_address_count": 0,
            "ipv6_addresses": [],
            "key_name": "dimu-imac",
            "launch_template": [],
            "maintenance_options": [
              {
                "auto_recovery": "default"
              }
            ],
            "metadata_options": [
              {
                "http_endpoint": "enabled",
                "http_put_response_hop_limit": 1,
                "http_tokens": "optional",
                "instance_metadata_tags": "disabled"
              }
            ],
            "monitoring": false,
            "network_interface": [],
            "outpost_arn": "",
            "password_data": "",
            "placement_group": "",
            "placement_partition_number": 0,
            "primary_network_interface_id": "eni-09bb38a4ef3d068cd",
            "private_dns": "ip-172-31-37-71.eu-west-1.compute.internal",
            "private_dns_name_options": [
              {
                "enable_resource_name_dns_a_record": false,
                "enable_resource_name_dns_aaaa_record": false,
                "hostname_type": "ip-name"
              }
            ],
            "private_ip": "172.31.37.71",
            "public_dns": "ec2-54-229-39-158.eu-west-1.compute.amazonaws.com",
            "public_ip": "54.229.39.158",
            "root_block_device": [
              {
                "delete_on_termination": true,
                "device_name": "/dev/xvda",
                "encrypted": false,
                "iops": 100,
                "kms_key_id": "",
                "tags": {},
                "throughput": 0,
                "volume_id": "vol-0de6cda2c32f77728",
                "volume_size": 8,
                "volume_type": "gp2"
              }
            ],
            "secondary_private_ips": [],
            "security_groups": [
              "terraform-20230124060403487900000001",
              "terraform-20230124060403488000000002",
              "terraform-20230124060403489500000003"
            ],
            "source_dest_check": true,
            "subnet_id": "subnet-0e60ee6067b12753f",
            "tags": {
              "Name": "web_server-dev"
            },
            "tags_all": {
              "Name": "web_server-dev"
            },
            "tenancy": "default",
            "timeouts": null,
            "user_data": null,
            "user_data_base64": null,
            "user_data_replace_on_change": false,
            "volume_tags": null,
            "vpc_security_group_ids": [
              "sg-0083274c478d9d600",
              "sg-022edfdeb88b016e6",
              "sg-02eb8d9bdbb69b30e"
            ]
          },
          "sensitive_attributes": [],
          "private": "eyJlMmJmYjczMC1lY2FhLTExZTYtOGY4OC0zNDM2M2JjN2M0YzAiOnsiY3JlYXRlIjo2MDAwMDAwMDAwMDAsImRlbGV0ZSI6MTIwMDAwMDAwMDAwMCwidXBkYXRlIjo2MDAwMDAwMDAwMDB9LCJzY2hlbWFfdmVyc2lvbiI6IjEifQ==",
          "dependencies": [
            "data.terraform_remote_state.security"
          ]
        }
      ]
    }
  ],
  "check_results": []
}
