{
  "version": 4,
  "terraform_version": "1.3.3",
  "serial": 60,
  "lineage": "86fcc4df-6c09-ab6c-86f7-4dddcedfba7c",
  "outputs": {
    "app_server_eip_id-asia": {
      "value": "eipalloc-023f8730fe8a8ad92",
      "type": "string"
    },
    "app_server_eip_id-emea": {
      "value": "eipalloc-0d1bc41d70e9c0f7a",
      "type": "string"
    },
    "debug_printIps": {
      "value": {
        "app-sever-asia": "3.1.237.75",
        "app-sever-emea": "18.202.104.210",
        "web-sever-asia": "13.213.96.32",
        "web-sever-emea": "34.253.218.243"
      },
      "type": [
        "object",
        {
          "app-sever-asia": "string",
          "app-sever-emea": "string",
          "web-sever-asia": "string",
          "web-sever-emea": "string"
        }
      ]
    },
    "web_server_eip_id-asia": {
      "value": "eipalloc-070c2716b2e038fcf",
      "type": "string"
    },
    "web_server_eip_id-emea": {
      "value": "eipalloc-015b3be52f52f5dfc",
      "type": "string"
    }
  },
  "resources": [
    {
      "mode": "managed",
      "type": "aws_eip",
      "name": "app_server_eip-asia",
      "provider": "provider[\"registry.terraform.io/hashicorp/aws\"].asia",
      "instances": [
        {
          "schema_version": 0,
          "attributes": {
            "address": null,
            "allocation_id": "eipalloc-023f8730fe8a8ad92",
            "associate_with_private_ip": null,
            "association_id": "",
            "carrier_ip": "",
            "customer_owned_ip": "",
            "customer_owned_ipv4_pool": "",
            "domain": "vpc",
            "id": "eipalloc-023f8730fe8a8ad92",
            "instance": "",
            "network_border_group": "ap-southeast-1",
            "network_interface": "",
            "private_dns": null,
            "private_ip": "",
            "public_dns": "ec2-3-1-237-75.ap-southeast-1.compute.amazonaws.com",
            "public_ip": "3.1.237.75",
            "public_ipv4_pool": "amazon",
            "tags": null,
            "tags_all": {},
            "timeouts": null,
            "vpc": true
          },
          "sensitive_attributes": [],
          "private": "eyJlMmJmYjczMC1lY2FhLTExZTYtOGY4OC0zNDM2M2JjN2M0YzAiOnsiZGVsZXRlIjoxODAwMDAwMDAwMDAsInJlYWQiOjkwMDAwMDAwMDAwMCwidXBkYXRlIjozMDAwMDAwMDAwMDB9fQ=="
        }
      ]
    },
    {
      "mode": "managed",
      "type": "aws_eip",
      "name": "app_server_eip-emea",
      "provider": "provider[\"registry.terraform.io/hashicorp/aws\"].emea",
      "instances": [
        {
          "schema_version": 0,
          "attributes": {
            "address": null,
            "allocation_id": "eipalloc-0d1bc41d70e9c0f7a",
            "associate_with_private_ip": null,
            "association_id": "",
            "carrier_ip": "",
            "customer_owned_ip": "",
            "customer_owned_ipv4_pool": "",
            "domain": "vpc",
            "id": "eipalloc-0d1bc41d70e9c0f7a",
            "instance": "",
            "network_border_group": "eu-west-1",
            "network_interface": "",
            "private_dns": null,
            "private_ip": "",
            "public_dns": "ec2-18-202-104-210.eu-west-1.compute.amazonaws.com",
            "public_ip": "18.202.104.210",
            "public_ipv4_pool": "amazon",
            "tags": null,
            "tags_all": {},
            "timeouts": null,
            "vpc": true
          },
          "sensitive_attributes": [],
          "private": "eyJlMmJmYjczMC1lY2FhLTExZTYtOGY4OC0zNDM2M2JjN2M0YzAiOnsiZGVsZXRlIjoxODAwMDAwMDAwMDAsInJlYWQiOjkwMDAwMDAwMDAwMCwidXBkYXRlIjozMDAwMDAwMDAwMDB9fQ=="
        }
      ]
    },
    {
      "mode": "managed",
      "type": "aws_eip",
      "name": "web_server_eip-asia",
      "provider": "provider[\"registry.terraform.io/hashicorp/aws\"].asia",
      "instances": [
        {
          "schema_version": 0,
          "attributes": {
            "address": null,
            "allocation_id": "eipalloc-070c2716b2e038fcf",
            "associate_with_private_ip": null,
            "association_id": "",
            "carrier_ip": "",
            "customer_owned_ip": "",
            "customer_owned_ipv4_pool": "",
            "domain": "vpc",
            "id": "eipalloc-070c2716b2e038fcf",
            "instance": "",
            "network_border_group": "ap-southeast-1",
            "network_interface": "",
            "private_dns": null,
            "private_ip": "",
            "public_dns": "ec2-13-213-96-32.ap-southeast-1.compute.amazonaws.com",
            "public_ip": "13.213.96.32",
            "public_ipv4_pool": "amazon",
            "tags": null,
            "tags_all": {},
            "timeouts": null,
            "vpc": true
          },
          "sensitive_attributes": [],
          "private": "eyJlMmJmYjczMC1lY2FhLTExZTYtOGY4OC0zNDM2M2JjN2M0YzAiOnsiZGVsZXRlIjoxODAwMDAwMDAwMDAsInJlYWQiOjkwMDAwMDAwMDAwMCwidXBkYXRlIjozMDAwMDAwMDAwMDB9fQ=="
        }
      ]
    },
    {
      "mode": "managed",
      "type": "aws_eip",
      "name": "web_server_eip-emea",
      "provider": "provider[\"registry.terraform.io/hashicorp/aws\"].emea",
      "instances": [
        {
          "schema_version": 0,
          "attributes": {
            "address": null,
            "allocation_id": "eipalloc-015b3be52f52f5dfc",
            "associate_with_private_ip": null,
            "association_id": "",
            "carrier_ip": "",
            "customer_owned_ip": "",
            "customer_owned_ipv4_pool": "",
            "domain": "vpc",
            "id": "eipalloc-015b3be52f52f5dfc",
            "instance": "",
            "network_border_group": "eu-west-1",
            "network_interface": "",
            "private_dns": null,
            "private_ip": "",
            "public_dns": "ec2-34-253-218-243.eu-west-1.compute.amazonaws.com",
            "public_ip": "34.253.218.243",
            "public_ipv4_pool": "amazon",
            "tags": null,
            "tags_all": {},
            "timeouts": null,
            "vpc": true
          },
          "sensitive_attributes": [],
          "private": "eyJlMmJmYjczMC1lY2FhLTExZTYtOGY4OC0zNDM2M2JjN2M0YzAiOnsiZGVsZXRlIjoxODAwMDAwMDAwMDAsInJlYWQiOjkwMDAwMDAwMDAwMCwidXBkYXRlIjozMDAwMDAwMDAwMDB9fQ=="
        }
      ]
    }
  ],
  "check_results": []
}
