{
  "version": 4,
  "terraform_version": "1.3.3",
  "serial": 6,
  "lineage": "1fba191b-d127-80f2-004e-3479e0b4e392",
  "outputs": {},
  "resources": [
    {
      "mode": "managed",
      "type": "github_repository",
      "name": "samplerepo",
      "provider": "provider[\"registry.terraform.io/integrations/github\"]",
      "instances": [
        {
          "schema_version": 0,
          "attributes": {
            "allow_auto_merge": false,
            "allow_merge_commit": false,
            "allow_rebase_merge": false,
            "allow_squash_merge": false,
            "allow_update_branch": false,
            "archive_on_destroy": null,
            "archived": false,
            "auto_init": null,
            "default_branch": "main",
            "delete_branch_on_merge": false,
            "description": "sample repo created using tf",
            "etag": "W/\"75e2a377663677ce3b77c8493e722413105783767126c5fdaada9e336c19a291\"",
            "full_name": "dim912/samplerepo",
            "git_clone_url": "git://github.com/dim912/samplerepo.git",
            "gitignore_template": null,
            "has_downloads": false,
            "has_issues": false,
            "has_projects": false,
            "has_wiki": false,
            "homepage_url": "",
            "html_url": "https://github.com/dim912/samplerepo",
            "http_clone_url": "https://github.com/dim912/samplerepo.git",
            "id": "samplerepo",
            "ignore_vulnerability_alerts_during_read": null,
            "is_template": false,
            "license_template": null,
            "merge_commit_message": "",
            "merge_commit_title": "",
            "name": "samplerepo",
            "node_id": "R_kgDOIf0s-g",
            "pages": [],
            "private": false,
            "repo_id": 570240250,
            "security_and_analysis": [],
            "squash_merge_commit_message": "",
            "squash_merge_commit_title": "",
            "ssh_clone_url": "git@github.com:dim912/samplerepo.git",
            "svn_url": "https://github.com/dim912/samplerepo",
            "template": [],
            "topics": null,
            "visibility": "public",
            "vulnerability_alerts": false
          },
          "sensitive_attributes": [],
          "private": "bnVsbA=="
        }
      ]
    }
  ],
  "check_results": []
}
